
Microsoft Visual Studio Solution File, Format Version 12.00
# Visual Studio Version 17
VisualStudioVersion = 17.3.32819.101
MinimumVisualStudioVersion = 10.0.40219.1
Project("{2150E333-8FDC-42A3-9474-1A3956D46DE8}") = "src", "src", "{D73802AC-5F85-403E-88D0-FAC8EB0CB6AF}"
EndProject
Project("{2150E333-8FDC-42A3-9474-1A3956D46DE8}") = "01-Usuario", "01-Usuario", "{A2A5B144-89A5-4272-9703-EC6FFCB233AE}"
EndProject
Project("{2150E333-8FDC-42A3-9474-1A3956D46DE8}") = "02-Catalogo", "02-Catalogo", "{63BDDF5A-87C6-43CD-8092-C6ABAFFFD5B9}"
EndProject
Project("{2150E333-8FDC-42A3-9474-1A3956D46DE8}") = "03-Estoque", "03-Estoque", "{49AC6388-9611-4E5C-B248-48F22C9DCE47}"
EndProject
Project("{2150E333-8FDC-42A3-9474-1A3956D46DE8}") = "Apresentacao", "Apresentacao", "{EC442BA3-EBB0-4F07-8C7B-7F524A02BC67}"
EndProject
Project("{2150E333-8FDC-42A3-9474-1A3956D46DE8}") = "Core", "Core", "{CA74B914-C5DA-4558-9B1A-9C422A297AC7}"
EndProject
Project("{2150E333-8FDC-42A3-9474-1A3956D46DE8}") = "Infraestrutura", "Infraestrutura", "{FFD6FBE1-20C0-46BB-B369-EA438CDE7E2F}"
EndProject
Project("{2150E333-8FDC-42A3-9474-1A3956D46DE8}") = "Apresentacao", "Apresentacao", "{971F05A0-30EF-4B6B-B6F8-34B1F0C0C924}"
EndProject
Project("{2150E333-8FDC-42A3-9474-1A3956D46DE8}") = "Core", "Core", "{A2CE9A4E-E96F-4130-9AAF-218A0524C50B}"
EndProject
Project("{2150E333-8FDC-42A3-9474-1A3956D46DE8}") = "Infraestutura", "Infraestutura", "{50703AD4-BDC0-4183-8A47-A6CA107AC7AA}"
EndProject
Project("{2150E333-8FDC-42A3-9474-1A3956D46DE8}") = "Apresentacao", "Apresentacao", "{1EA54669-A080-4BDC-B4F2-5185941FF610}"
EndProject
Project("{2150E333-8FDC-42A3-9474-1A3956D46DE8}") = "Core", "Core", "{29F86DFB-55AA-4363-AAAE-B20B1C063268}"
EndProject
Project("{2150E333-8FDC-42A3-9474-1A3956D46DE8}") = "Infraestrutura", "Infraestrutura", "{8AFE816B-F069-43C3-93C3-652FE17EC6BE}"
EndProject
Project("{9A19103F-16F7-4668-BE54-9A1E7A4F7556}") = "ControlFY.Usuario.API", "src\ControlFY.Usuario.API\ControlFY.Usuario.API.csproj", "{20E3F8F9-4994-4601-BC18-1539CBA5397F}"
EndProject
Project("{9A19103F-16F7-4668-BE54-9A1E7A4F7556}") = "ControlFY.Usuario.Aplicacao", "src\ControlFY.Usuario.Aplicacao\ControlFY.Usuario.Aplicacao.csproj", "{CF41223D-1947-4658-A929-3A4FE0C7F444}"
EndProject
Project("{9A19103F-16F7-4668-BE54-9A1E7A4F7556}") = "ControlFY.Usuario.Dominio", "src\ControlFY.Usuario.Dominio\ControlFY.Usuario.Dominio.csproj", "{39918105-0502-4441-AE52-AC59D7E24D83}"
EndProject
Project("{9A19103F-16F7-4668-BE54-9A1E7A4F7556}") = "ControlFY.Usuario.Infraestrutura", "src\ControlFY.Usuario.Infraestrutura\ControlFY.Usuario.Infraestrutura.csproj", "{A2EFD85F-E436-4A05-AED5-B29376A2CCC0}"
EndProject
Project("{9A19103F-16F7-4668-BE54-9A1E7A4F7556}") = "ControlFY.Usuario.Persistencia", "src\ControlFY.Usuario.Persistencia\ControlFY.Usuario.Persistencia.csproj", "{AB15ABF6-A128-4846-9EA9-83987CD80923}"
EndProject
Project("{9A19103F-16F7-4668-BE54-9A1E7A4F7556}") = "ControlFY.Catalogo.API", "src\ControlFY.Catalogo.API\ControlFY.Catalogo.API.csproj", "{0C3C21A2-C5BF-465D-8F4E-6043C0CFB26F}"
EndProject
Project("{9A19103F-16F7-4668-BE54-9A1E7A4F7556}") = "ControlFY.Catalogo.Aplicacao", "src\ControlFY.Catalogo.Aplicacao\ControlFY.Catalogo.Aplicacao.csproj", "{6F4B8D7D-C0AB-46A6-B940-14B193B720F2}"
EndProject
Project("{9A19103F-16F7-4668-BE54-9A1E7A4F7556}") = "ControlFY.Catalogo.Dominio", "src\ControlFY.Catalogo.Dominio\ControlFY.Catalogo.Dominio.csproj", "{6EFFB4B3-2062-4100-AE4F-C162636E4D8D}"
EndProject
Project("{9A19103F-16F7-4668-BE54-9A1E7A4F7556}") = "ControlFY.Catalogo.Infraestrutura", "src\ControlFY.Catalogo.Infraestrutura\ControlFY.Catalogo.Infraestrutura.csproj", "{69DD62AA-9CB0-4556-932E-AF23812E6CBA}"
EndProject
Project("{9A19103F-16F7-4668-BE54-9A1E7A4F7556}") = "ControlFY.Catalogo.Persistencia", "src\ControlFY.Catalogo.Persistencia\ControlFY.Catalogo.Persistencia.csproj", "{5DB21F28-9138-4854-896F-8BA784DE3C48}"
EndProject
Project("{9A19103F-16F7-4668-BE54-9A1E7A4F7556}") = "ControlFY.Estoque.API", "src\ControlFY.Estoque.API\ControlFY.Estoque.API.csproj", "{A1E8A51E-7586-4120-951F-1BB2561FC60E}"
EndProject
Project("{9A19103F-16F7-4668-BE54-9A1E7A4F7556}") = "ControlFY.Estoque.Aplicacao", "src\ControlFY.Estoque.Aplicacao\ControlFY.Estoque.Aplicacao.csproj", "{40F35456-5623-4E88-A27D-CF1F1D3B1FDA}"
EndProject
Project("{9A19103F-16F7-4668-BE54-9A1E7A4F7556}") = "ControlFY.Estoque.Infraestrutura", "src\ControlFY.Estoque.Infraestrutura\ControlFY.Estoque.Infraestrutura.csproj", "{EABCAE0C-3C8F-4789-B187-804E0487F8A0}"
EndProject
Project("{9A19103F-16F7-4668-BE54-9A1E7A4F7556}") = "ControlFY.Estoque.Dominio", "src\ControlFY.Estoque.Dominio\ControlFY.Estoque.Dominio.csproj", "{32B9876E-2D30-4CBA-841B-D5F687395F11}"
EndProject
Project("{9A19103F-16F7-4668-BE54-9A1E7A4F7556}") = "ControlFY.Estoque.Persistencia", "src\ControlFY.Estoque.Persistencia\ControlFY.Estoque.Persistencia.csproj", "{8E80F90F-1B94-41DF-83B3-4706AA802737}"
EndProject
Global
	GlobalSection(SolutionConfigurationPlatforms) = preSolution
		Debug|Any CPU = Debug|Any CPU
		Release|Any CPU = Release|Any CPU
	EndGlobalSection
	GlobalSection(ProjectConfigurationPlatforms) = postSolution
		{20E3F8F9-4994-4601-BC18-1539CBA5397F}.Debug|Any CPU.ActiveCfg = Debug|Any CPU
		{20E3F8F9-4994-4601-BC18-1539CBA5397F}.Debug|Any CPU.Build.0 = Debug|Any CPU
		{20E3F8F9-4994-4601-BC18-1539CBA5397F}.Release|Any CPU.ActiveCfg = Release|Any CPU
		{20E3F8F9-4994-4601-BC18-1539CBA5397F}.Release|Any CPU.Build.0 = Release|Any CPU
		{CF41223D-1947-4658-A929-3A4FE0C7F444}.Debug|Any CPU.ActiveCfg = Debug|Any CPU
		{CF41223D-1947-4658-A929-3A4FE0C7F444}.Debug|Any CPU.Build.0 = Debug|Any CPU
		{CF41223D-1947-4658-A929-3A4FE0C7F444}.Release|Any CPU.ActiveCfg = Release|Any CPU
		{CF41223D-1947-4658-A929-3A4FE0C7F444}.Release|Any CPU.Build.0 = Release|Any CPU
		{39918105-0502-4441-AE52-AC59D7E24D83}.Debug|Any CPU.ActiveCfg = Debug|Any CPU
		{39918105-0502-4441-AE52-AC59D7E24D83}.Debug|Any CPU.Build.0 = Debug|Any CPU
		{39918105-0502-4441-AE52-AC59D7E24D83}.Release|Any CPU.ActiveCfg = Release|Any CPU
		{39918105-0502-4441-AE52-AC59D7E24D83}.Release|Any CPU.Build.0 = Release|Any CPU
		{A2EFD85F-E436-4A05-AED5-B29376A2CCC0}.Debug|Any CPU.ActiveCfg = Debug|Any CPU
		{A2EFD85F-E436-4A05-AED5-B29376A2CCC0}.Debug|Any CPU.Build.0 = Debug|Any CPU
		{A2EFD85F-E436-4A05-AED5-B29376A2CCC0}.Release|Any CPU.ActiveCfg = Release|Any CPU
		{A2EFD85F-E436-4A05-AED5-B29376A2CCC0}.Release|Any CPU.Build.0 = Release|Any CPU
		{AB15ABF6-A128-4846-9EA9-83987CD80923}.Debug|Any CPU.ActiveCfg = Debug|Any CPU
		{AB15ABF6-A128-4846-9EA9-83987CD80923}.Debug|Any CPU.Build.0 = Debug|Any CPU
		{AB15ABF6-A128-4846-9EA9-83987CD80923}.Release|Any CPU.ActiveCfg = Release|Any CPU
		{AB15ABF6-A128-4846-9EA9-83987CD80923}.Release|Any CPU.Build.0 = Release|Any CPU
		{0C3C21A2-C5BF-465D-8F4E-6043C0CFB26F}.Debug|Any CPU.ActiveCfg = Debug|Any CPU
		{0C3C21A2-C5BF-465D-8F4E-6043C0CFB26F}.Debug|Any CPU.Build.0 = Debug|Any CPU
		{0C3C21A2-C5BF-465D-8F4E-6043C0CFB26F}.Release|Any CPU.ActiveCfg = Release|Any CPU
		{0C3C21A2-C5BF-465D-8F4E-6043C0CFB26F}.Release|Any CPU.Build.0 = Release|Any CPU
		{6F4B8D7D-C0AB-46A6-B940-14B193B720F2}.Debug|Any CPU.ActiveCfg = Debug|Any CPU
		{6F4B8D7D-C0AB-46A6-B940-14B193B720F2}.Debug|Any CPU.Build.0 = Debug|Any CPU
		{6F4B8D7D-C0AB-46A6-B940-14B193B720F2}.Release|Any CPU.ActiveCfg = Release|Any CPU
		{6F4B8D7D-C0AB-46A6-B940-14B193B720F2}.Release|Any CPU.Build.0 = Release|Any CPU
		{6EFFB4B3-2062-4100-AE4F-C162636E4D8D}.Debug|Any CPU.ActiveCfg = Debug|Any CPU
		{6EFFB4B3-2062-4100-AE4F-C162636E4D8D}.Debug|Any CPU.Build.0 = Debug|Any CPU
		{6EFFB4B3-2062-4100-AE4F-C162636E4D8D}.Release|Any CPU.ActiveCfg = Release|Any CPU
		{6EFFB4B3-2062-4100-AE4F-C162636E4D8D}.Release|Any CPU.Build.0 = Release|Any CPU
		{69DD62AA-9CB0-4556-932E-AF23812E6CBA}.Debug|Any CPU.ActiveCfg = Debug|Any CPU
		{69DD62AA-9CB0-4556-932E-AF23812E6CBA}.Debug|Any CPU.Build.0 = Debug|Any CPU
		{69DD62AA-9CB0-4556-932E-AF23812E6CBA}.Release|Any CPU.ActiveCfg = Release|Any CPU
		{69DD62AA-9CB0-4556-932E-AF23812E6CBA}.Release|Any CPU.Build.0 = Release|Any CPU
		{5DB21F28-9138-4854-896F-8BA784DE3C48}.Debug|Any CPU.ActiveCfg = Debug|Any CPU
		{5DB21F28-9138-4854-896F-8BA784DE3C48}.Debug|Any CPU.Build.0 = Debug|Any CPU
		{5DB21F28-9138-4854-896F-8BA784DE3C48}.Release|Any CPU.ActiveCfg = Release|Any CPU
		{5DB21F28-9138-4854-896F-8BA784DE3C48}.Release|Any CPU.Build.0 = Release|Any CPU
		{A1E8A51E-7586-4120-951F-1BB2561FC60E}.Debug|Any CPU.ActiveCfg = Debug|Any CPU
		{A1E8A51E-7586-4120-951F-1BB2561FC60E}.Debug|Any CPU.Build.0 = Debug|Any CPU
		{A1E8A51E-7586-4120-951F-1BB2561FC60E}.Release|Any CPU.ActiveCfg = Release|Any CPU
		{A1E8A51E-7586-4120-951F-1BB2561FC60E}.Release|Any CPU.Build.0 = Release|Any CPU
		{40F35456-5623-4E88-A27D-CF1F1D3B1FDA}.Debug|Any CPU.ActiveCfg = Debug|Any CPU
		{40F35456-5623-4E88-A27D-CF1F1D3B1FDA}.Debug|Any CPU.Build.0 = Debug|Any CPU
		{40F35456-5623-4E88-A27D-CF1F1D3B1FDA}.Release|Any CPU.ActiveCfg = Release|Any CPU
		{40F35456-5623-4E88-A27D-CF1F1D3B1FDA}.Release|Any CPU.Build.0 = Release|Any CPU
		{EABCAE0C-3C8F-4789-B187-804E0487F8A0}.Debug|Any CPU.ActiveCfg = Debug|Any CPU
		{EABCAE0C-3C8F-4789-B187-804E0487F8A0}.Debug|Any CPU.Build.0 = Debug|Any CPU
		{EABCAE0C-3C8F-4789-B187-804E0487F8A0}.Release|Any CPU.ActiveCfg = Release|Any CPU
		{EABCAE0C-3C8F-4789-B187-804E0487F8A0}.Release|Any CPU.Build.0 = Release|Any CPU
		{32B9876E-2D30-4CBA-841B-D5F687395F11}.Debug|Any CPU.ActiveCfg = Debug|Any CPU
		{32B9876E-2D30-4CBA-841B-D5F687395F11}.Debug|Any CPU.Build.0 = Debug|Any CPU
		{32B9876E-2D30-4CBA-841B-D5F687395F11}.Release|Any CPU.ActiveCfg = Release|Any CPU
		{32B9876E-2D30-4CBA-841B-D5F687395F11}.Release|Any CPU.Build.0 = Release|Any CPU
		{8E80F90F-1B94-41DF-83B3-4706AA802737}.Debug|Any CPU.ActiveCfg = Debug|Any CPU
		{8E80F90F-1B94-41DF-83B3-4706AA802737}.Debug|Any CPU.Build.0 = Debug|Any CPU
		{8E80F90F-1B94-41DF-83B3-4706AA802737}.Release|Any CPU.ActiveCfg = Release|Any CPU
		{8E80F90F-1B94-41DF-83B3-4706AA802737}.Release|Any CPU.Build.0 = Release|Any CPU
	EndGlobalSection
	GlobalSection(SolutionProperties) = preSolution
		HideSolutionNode = FALSE
	EndGlobalSection
	GlobalSection(NestedProjects) = preSolution
		{A2A5B144-89A5-4272-9703-EC6FFCB233AE} = {D73802AC-5F85-403E-88D0-FAC8EB0CB6AF}
		{63BDDF5A-87C6-43CD-8092-C6ABAFFFD5B9} = {D73802AC-5F85-403E-88D0-FAC8EB0CB6AF}
		{49AC6388-9611-4E5C-B248-48F22C9DCE47} = {D73802AC-5F85-403E-88D0-FAC8EB0CB6AF}
		{EC442BA3-EBB0-4F07-8C7B-7F524A02BC67} = {A2A5B144-89A5-4272-9703-EC6FFCB233AE}
		{CA74B914-C5DA-4558-9B1A-9C422A297AC7} = {A2A5B144-89A5-4272-9703-EC6FFCB233AE}
		{FFD6FBE1-20C0-46BB-B369-EA438CDE7E2F} = {A2A5B144-89A5-4272-9703-EC6FFCB233AE}
		{971F05A0-30EF-4B6B-B6F8-34B1F0C0C924} = {63BDDF5A-87C6-43CD-8092-C6ABAFFFD5B9}
		{A2CE9A4E-E96F-4130-9AAF-218A0524C50B} = {63BDDF5A-87C6-43CD-8092-C6ABAFFFD5B9}
		{50703AD4-BDC0-4183-8A47-A6CA107AC7AA} = {63BDDF5A-87C6-43CD-8092-C6ABAFFFD5B9}
		{1EA54669-A080-4BDC-B4F2-5185941FF610} = {49AC6388-9611-4E5C-B248-48F22C9DCE47}
		{29F86DFB-55AA-4363-AAAE-B20B1C063268} = {49AC6388-9611-4E5C-B248-48F22C9DCE47}
		{8AFE816B-F069-43C3-93C3-652FE17EC6BE} = {49AC6388-9611-4E5C-B248-48F22C9DCE47}
		{20E3F8F9-4994-4601-BC18-1539CBA5397F} = {EC442BA3-EBB0-4F07-8C7B-7F524A02BC67}
		{CF41223D-1947-4658-A929-3A4FE0C7F444} = {CA74B914-C5DA-4558-9B1A-9C422A297AC7}
		{39918105-0502-4441-AE52-AC59D7E24D83} = {CA74B914-C5DA-4558-9B1A-9C422A297AC7}
		{A2EFD85F-E436-4A05-AED5-B29376A2CCC0} = {FFD6FBE1-20C0-46BB-B369-EA438CDE7E2F}
		{AB15ABF6-A128-4846-9EA9-83987CD80923} = {FFD6FBE1-20C0-46BB-B369-EA438CDE7E2F}
		{0C3C21A2-C5BF-465D-8F4E-6043C0CFB26F} = {971F05A0-30EF-4B6B-B6F8-34B1F0C0C924}
		{6F4B8D7D-C0AB-46A6-B940-14B193B720F2} = {A2CE9A4E-E96F-4130-9AAF-218A0524C50B}
		{6EFFB4B3-2062-4100-AE4F-C162636E4D8D} = {A2CE9A4E-E96F-4130-9AAF-218A0524C50B}
		{69DD62AA-9CB0-4556-932E-AF23812E6CBA} = {50703AD4-BDC0-4183-8A47-A6CA107AC7AA}
		{5DB21F28-9138-4854-896F-8BA784DE3C48} = {50703AD4-BDC0-4183-8A47-A6CA107AC7AA}
		{A1E8A51E-7586-4120-951F-1BB2561FC60E} = {1EA54669-A080-4BDC-B4F2-5185941FF610}
		{40F35456-5623-4E88-A27D-CF1F1D3B1FDA} = {29F86DFB-55AA-4363-AAAE-B20B1C063268}
		{EABCAE0C-3C8F-4789-B187-804E0487F8A0} = {8AFE816B-F069-43C3-93C3-652FE17EC6BE}
		{32B9876E-2D30-4CBA-841B-D5F687395F11} = {29F86DFB-55AA-4363-AAAE-B20B1C063268}
		{8E80F90F-1B94-41DF-83B3-4706AA802737} = {8AFE816B-F069-43C3-93C3-652FE17EC6BE}
	EndGlobalSection
	GlobalSection(ExtensibilityGlobals) = postSolution
		SolutionGuid = {B3840787-3F41-429F-9DED-07FB32CA9961}
	EndGlobalSection
EndGlobal
